
Microsoft Visual Studio Solution File, Format Version 12.00
# Visual Studio 15
VisualStudioVersion = 15.0.27130.2036
MinimumVisualStudioVersion = 10.0.40219.1
Project("{8BC9CEB8-8B4A-11D0-8D11-00A0C91BC942}") = "No1. Two Sum", "No1. Two Sum\No1. Two Sum.vcxproj", "{A2403BA0-86FA-4BE7-A994-AD121DEFEB3A}"
EndProject
Project("{8BC9CEB8-8B4A-11D0-8D11-00A0C91BC942}") = "No2. Add Two Numbers", "No2. Add Two Numbers\No2. Add Two Numbers.vcxproj", "{A17EC600-0770-4C7E-9C3F-244846113689}"
EndProject
Project("{8BC9CEB8-8B4A-11D0-8D11-00A0C91BC942}") = "No3. Longest Substring Without Repeating Characters", "No3. Longest Substring Without Repeating Characters\No3. Longest Substring Without Repeating Characters.vcxproj", "{354A8D01-163E-4E50-94A4-70B5B20E2CE4}"
EndProject
Project("{8BC9CEB8-8B4A-11D0-8D11-00A0C91BC942}") = "No4. Median of Two Sorted Arrays", "No4. Median of Two Sorted Arrays\No4. Median of Two Sorted Arrays.vcxproj", "{1BEA33D2-F37B-4CDB-9D5A-677EC70EBA74}"
EndProject
Project("{8BC9CEB8-8B4A-11D0-8D11-00A0C91BC942}") = "No5. Longest Palindromic Substring", "No5. Longest Palindromic Substring\No5. Longest Palindromic Substring.vcxproj", "{FB845DB8-FB9B-4C47-B0F0-A00BC9DE20F3}"
EndProject
Project("{8BC9CEB8-8B4A-11D0-8D11-00A0C91BC942}") = "No6. ZigZag Conversion", "No6. ZigZag Conversion\No6. ZigZag Conversion.vcxproj", "{F6477229-136A-49D5-AF44-28C66F574680}"
EndProject
Global
	GlobalSection(SolutionConfigurationPlatforms) = preSolution
		Debug|x64 = Debug|x64
		Debug|x86 = Debug|x86
		Release|x64 = Release|x64
		Release|x86 = Release|x86
	EndGlobalSection
	GlobalSection(ProjectConfigurationPlatforms) = postSolution
		{A2403BA0-86FA-4BE7-A994-AD121DEFEB3A}.Debug|x64.ActiveCfg = Debug|x64
		{A2403BA0-86FA-4BE7-A994-AD121DEFEB3A}.Debug|x64.Build.0 = Debug|x64
		{A2403BA0-86FA-4BE7-A994-AD121DEFEB3A}.Debug|x86.ActiveCfg = Debug|Win32
		{A2403BA0-86FA-4BE7-A994-AD121DEFEB3A}.Debug|x86.Build.0 = Debug|Win32
		{A2403BA0-86FA-4BE7-A994-AD121DEFEB3A}.Release|x64.ActiveCfg = Release|x64
		{A2403BA0-86FA-4BE7-A994-AD121DEFEB3A}.Release|x64.Build.0 = Release|x64
		{A2403BA0-86FA-4BE7-A994-AD121DEFEB3A}.Release|x86.ActiveCfg = Release|Win32
		{A2403BA0-86FA-4BE7-A994-AD121DEFEB3A}.Release|x86.Build.0 = Release|Win32
		{A17EC600-0770-4C7E-9C3F-244846113689}.Debug|x64.ActiveCfg = Debug|x64
		{A17EC600-0770-4C7E-9C3F-244846113689}.Debug|x64.Build.0 = Debug|x64
		{A17EC600-0770-4C7E-9C3F-244846113689}.Debug|x86.ActiveCfg = Debug|Win32
		{A17EC600-0770-4C7E-9C3F-244846113689}.Debug|x86.Build.0 = Debug|Win32
		{A17EC600-0770-4C7E-9C3F-244846113689}.Release|x64.ActiveCfg = Release|x64
		{A17EC600-0770-4C7E-9C3F-244846113689}.Release|x64.Build.0 = Release|x64
		{A17EC600-0770-4C7E-9C3F-244846113689}.Release|x86.ActiveCfg = Release|Win32
		{A17EC600-0770-4C7E-9C3F-244846113689}.Release|x86.Build.0 = Release|Win32
		{354A8D01-163E-4E50-94A4-70B5B20E2CE4}.Debug|x64.ActiveCfg = Debug|x64
		{354A8D01-163E-4E50-94A4-70B5B20E2CE4}.Debug|x64.Build.0 = Debug|x64
		{354A8D01-163E-4E50-94A4-70B5B20E2CE4}.Debug|x86.ActiveCfg = Debug|Win32
		{354A8D01-163E-4E50-94A4-70B5B20E2CE4}.Debug|x86.Build.0 = Debug|Win32
		{354A8D01-163E-4E50-94A4-70B5B20E2CE4}.Release|x64.ActiveCfg = Release|x64
		{354A8D01-163E-4E50-94A4-70B5B20E2CE4}.Release|x64.Build.0 = Release|x64
		{354A8D01-163E-4E50-94A4-70B5B20E2CE4}.Release|x86.ActiveCfg = Release|Win32
		{354A8D01-163E-4E50-94A4-70B5B20E2CE4}.Release|x86.Build.0 = Release|Win32
		{1BEA33D2-F37B-4CDB-9D5A-677EC70EBA74}.Debug|x64.ActiveCfg = Debug|x64
		{1BEA33D2-F37B-4CDB-9D5A-677EC70EBA74}.Debug|x64.Build.0 = Debug|x64
		{1BEA33D2-F37B-4CDB-9D5A-677EC70EBA74}.Debug|x86.ActiveCfg = Debug|Win32
		{1BEA33D2-F37B-4CDB-9D5A-677EC70EBA74}.Debug|x86.Build.0 = Debug|Win32
		{1BEA33D2-F37B-4CDB-9D5A-677EC70EBA74}.Release|x64.ActiveCfg = Release|x64
		{1BEA33D2-F37B-4CDB-9D5A-677EC70EBA74}.Release|x64.Build.0 = Release|x64
		{1BEA33D2-F37B-4CDB-9D5A-677EC70EBA74}.Release|x86.ActiveCfg = Release|Win32
		{1BEA33D2-F37B-4CDB-9D5A-677EC70EBA74}.Release|x86.Build.0 = Release|Win32
		{FB845DB8-FB9B-4C47-B0F0-A00BC9DE20F3}.Debug|x64.ActiveCfg = Debug|x64
		{FB845DB8-FB9B-4C47-B0F0-A00BC9DE20F3}.Debug|x64.Build.0 = Debug|x64
		{FB845DB8-FB9B-4C47-B0F0-A00BC9DE20F3}.Debug|x86.ActiveCfg = Debug|Win32
		{FB845DB8-FB9B-4C47-B0F0-A00BC9DE20F3}.Debug|x86.Build.0 = Debug|Win32
		{FB845DB8-FB9B-4C47-B0F0-A00BC9DE20F3}.Release|x64.ActiveCfg = Release|x64
		{FB845DB8-FB9B-4C47-B0F0-A00BC9DE20F3}.Release|x64.Build.0 = Release|x64
		{FB845DB8-FB9B-4C47-B0F0-A00BC9DE20F3}.Release|x86.ActiveCfg = Release|Win32
		{FB845DB8-FB9B-4C47-B0F0-A00BC9DE20F3}.Release|x86.Build.0 = Release|Win32
		{F6477229-136A-49D5-AF44-28C66F574680}.Debug|x64.ActiveCfg = Debug|x64
		{F6477229-136A-49D5-AF44-28C66F574680}.Debug|x64.Build.0 = Debug|x64
		{F6477229-136A-49D5-AF44-28C66F574680}.Debug|x86.ActiveCfg = Debug|Win32
		{F6477229-136A-49D5-AF44-28C66F574680}.Debug|x86.Build.0 = Debug|Win32
		{F6477229-136A-49D5-AF44-28C66F574680}.Release|x64.ActiveCfg = Release|x64
		{F6477229-136A-49D5-AF44-28C66F574680}.Release|x64.Build.0 = Release|x64
		{F6477229-136A-49D5-AF44-28C66F574680}.Release|x86.ActiveCfg = Release|Win32
		{F6477229-136A-49D5-AF44-28C66F574680}.Release|x86.Build.0 = Release|Win32
	EndGlobalSection
	GlobalSection(SolutionProperties) = preSolution
		HideSolutionNode = FALSE
	EndGlobalSection
	GlobalSection(ExtensibilityGlobals) = postSolution
		SolutionGuid = {0AF3F5F5-F163-4E0E-A18F-C4112DBA735C}
	EndGlobalSection
EndGlobal
