
Microsoft Visual Studio Solution File, Format Version 12.00
# Visual Studio 15
VisualStudioVersion = 15.0.27130.2036
MinimumVisualStudioVersion = 10.0.40219.1
Project("{8BC9CEB8-8B4A-11D0-8D11-00A0C91BC942}") = "No1. Two Sum", "No1. Two Sum\No1. Two Sum.vcxproj", "{A2403BA0-86FA-4BE7-A994-AD121DEFEB3A}"
EndProject
Project("{8BC9CEB8-8B4A-11D0-8D11-00A0C91BC942}") = "No2. Add Two Numbers", "No2. Add Two Numbers\No2. Add Two Numbers.vcxproj", "{A17EC600-0770-4C7E-9C3F-244846113689}"
EndProject
Project("{8BC9CEB8-8B4A-11D0-8D11-00A0C91BC942}") = "No3. Longest Substring Without Repeating Characters", "No3. Longest Substring Without Repeating Characters\No3. Longest Substring Without Repeating Characters.vcxproj", "{354A8D01-163E-4E50-94A4-70B5B20E2CE4}"
EndProject
Project("{8BC9CEB8-8B4A-11D0-8D11-00A0C91BC942}") = "No4. Median of Two Sorted Arrays", "No4. Median of Two Sorted Arrays\No4. Median of Two Sorted Arrays.vcxproj", "{1BEA33D2-F37B-4CDB-9D5A-677EC70EBA74}"
EndProject
Project("{8BC9CEB8-8B4A-11D0-8D11-00A0C91BC942}") = "No5. Longest Palindromic Substring", "No5. Longest Palindromic Substring\No5. Longest Palindromic Substring.vcxproj", "{FB845DB8-FB9B-4C47-B0F0-A00BC9DE20F3}"
EndProject
Project("{8BC9CEB8-8B4A-11D0-8D11-00A0C91BC942}") = "No6. ZigZag Conversion", "No6. ZigZag Conversion\No6. ZigZag Conversion.vcxproj", "{F6477229-136A-49D5-AF44-28C66F574680}"
EndProject
Project("{8BC9CEB8-8B4A-11D0-8D11-00A0C91BC942}") = "No7. Reverse Integer", "No7. Reverse Integer\No7. Reverse Integer.vcxproj", "{FE03B5F9-B23A-4A66-BD78-4E669AA811F2}"
EndProject
Project("{8BC9CEB8-8B4A-11D0-8D11-00A0C91BC942}") = "No8. String to Integer (atoi)", "No8. String to Integer (atoi)\No8. String to Integer (atoi).vcxproj", "{BFF44616-EB7D-4EB9-9E1E-C0596AA75713}"
EndProject
Project("{8BC9CEB8-8B4A-11D0-8D11-00A0C91BC942}") = "No9. Palindrome Number", "No9. Palindrome Number\No9. Palindrome Number.vcxproj", "{D5AA0580-0E20-45DB-9322-8D104593014E}"
EndProject
Project("{8BC9CEB8-8B4A-11D0-8D11-00A0C91BC942}") = "No10. Regular Expression Matching", "No10. Regular Expression Matching\No10. Regular Expression Matching.vcxproj", "{3EB729E7-DD6C-43E6-9188-95C774C17EE5}"
EndProject
Project("{8BC9CEB8-8B4A-11D0-8D11-00A0C91BC942}") = "No11. Container With Most Water", "No11. Container With Most Water\No11. Container With Most Water.vcxproj", "{B80F8668-7E2B-43A9-9556-B0BC128AE0CF}"
EndProject
Project("{8BC9CEB8-8B4A-11D0-8D11-00A0C91BC942}") = "No12. Integer to Roman", "No12. Integer to Roman\No12. Integer to Roman.vcxproj", "{87071F62-D22C-44ED-BD53-FC084A3CDFEC}"
EndProject
Project("{8BC9CEB8-8B4A-11D0-8D11-00A0C91BC942}") = "No13. Roman to Integer", "No13. Roman to Integer\No13. Roman to Integer.vcxproj", "{FF05A439-3735-45AB-9008-98DADDF09276}"
EndProject
Project("{8BC9CEB8-8B4A-11D0-8D11-00A0C91BC942}") = "No14. Longest Common Prefix", "No14. Longest Common Prefix\No14. Longest Common Prefix.vcxproj", "{1A4E7494-A848-40D9-AC41-75007C7CE505}"
EndProject
Project("{8BC9CEB8-8B4A-11D0-8D11-00A0C91BC942}") = "No15.3 Sum", "No15. 3Sum\No15. 3Sum.vcxproj", "{5D61E4BE-9C6D-454F-8E8D-006C00858AA4}"
EndProject
Project("{8BC9CEB8-8B4A-11D0-8D11-00A0C91BC942}") = "No16. 3Sum Closest", "No16. 3Sum Closest\No16. 3Sum Closest.vcxproj", "{70894782-2EFA-4E32-B562-CC6466ECD9F8}"
EndProject
Project("{8BC9CEB8-8B4A-11D0-8D11-00A0C91BC942}") = "No17. Letter Combinations of a Phone Number", "No17. Letter Combinations of a Phone Number\No17. Letter Combinations of a Phone Number.vcxproj", "{840CFD1E-F3F5-4697-BE99-994A07987663}"
EndProject
Project("{8BC9CEB8-8B4A-11D0-8D11-00A0C91BC942}") = "No18. 4Sum", "No18. 4Sum\No18. 4Sum.vcxproj", "{7CA6D381-C0E6-4B98-A985-6EDD24593042}"
EndProject
Project("{8BC9CEB8-8B4A-11D0-8D11-00A0C91BC942}") = "No19. Remove Nth Node From End of List", "No19. Remove Nth Node From End of List\No19. Remove Nth Node From End of List.vcxproj", "{8732526F-CA08-4889-9042-83D1D7F59944}"
EndProject
Project("{8BC9CEB8-8B4A-11D0-8D11-00A0C91BC942}") = "No20. Valid Parentheses", "No20. Valid Parentheses\No20. Valid Parentheses.vcxproj", "{C38F209C-6DEE-493F-8C0B-482728041F2C}"
EndProject
Project("{8BC9CEB8-8B4A-11D0-8D11-00A0C91BC942}") = "No21. Merge Two Sorted Lists", "No21. Merge Two Sorted Lists\No21. Merge Two Sorted Lists.vcxproj", "{D26BB51D-5FE8-42EE-9A05-C3947CCB770F}"
EndProject
Project("{8BC9CEB8-8B4A-11D0-8D11-00A0C91BC942}") = "No22. Generate Parentheses", "No22. Generate Parentheses\No22. Generate Parentheses.vcxproj", "{12D7D2AF-E5D0-48A4-ADC3-0F7FDE612D3E}"
EndProject
Project("{8BC9CEB8-8B4A-11D0-8D11-00A0C91BC942}") = "No23. Merge k Sorted Lists", "No23. Merge k Sorted Lists\No23. Merge k Sorted Lists.vcxproj", "{ABE486B7-6FAA-41F8-AFA3-F40C73F9A1D5}"
EndProject
Project("{8BC9CEB8-8B4A-11D0-8D11-00A0C91BC942}") = "No24. Swap Nodes in Pairs", "No24. Swap Nodes in Pairs\No24. Swap Nodes in Pairs.vcxproj", "{1B1A033B-2D68-4AD6-8055-A3943D0E43AE}"
EndProject
Project("{8BC9CEB8-8B4A-11D0-8D11-00A0C91BC942}") = "No25. Reverse Nodes in k-Group", "No25. Reverse Nodes in k-Group\No25. Reverse Nodes in k-Group.vcxproj", "{1E30BDD1-17FF-4160-9CF8-A66FFB0556D8}"
EndProject
Project("{8BC9CEB8-8B4A-11D0-8D11-00A0C91BC942}") = "No26. Remove Duplicates from Sorted Array", "No26. Remove Duplicates from Sorted Array\No26. Remove Duplicates from Sorted Array.vcxproj", "{1A59ECCE-578E-4EB3-A49A-FDA437A80B0B}"
EndProject
Project("{8BC9CEB8-8B4A-11D0-8D11-00A0C91BC942}") = "No27. Remove Element", "No27. Remove Element\No27. Remove Element.vcxproj", "{9DD098DB-6E51-46A0-949C-EC82B52C7AFD}"
EndProject
Project("{8BC9CEB8-8B4A-11D0-8D11-00A0C91BC942}") = "28. Implement strStr()", "28. Implement strStr()\28. Implement strStr().vcxproj", "{8E3D3D84-B2F1-470A-8BC9-2B9AA50A9826}"
EndProject
Project("{8BC9CEB8-8B4A-11D0-8D11-00A0C91BC942}") = "No29. Divide Two Integers", "No29. Divide Two Integers\No29. Divide Two Integers.vcxproj", "{5FDA8F08-CF54-49CE-9E0C-D415AF5885FC}"
EndProject
Project("{8BC9CEB8-8B4A-11D0-8D11-00A0C91BC942}") = "No30. Substring with Concatenation of All Words", "No30. Substring with Concatenation of All Words\No30. Substring with Concatenation of All Words.vcxproj", "{EC53954A-9085-4969-93A1-0483949B6663}"
EndProject
Project("{8BC9CEB8-8B4A-11D0-8D11-00A0C91BC942}") = "No31. Next Permutation", "No31. Next Permutation\No31. Next Permutation.vcxproj", "{A7BF1941-44A6-4CFD-A1A4-30FA14D2BAB4}"
EndProject
Project("{8BC9CEB8-8B4A-11D0-8D11-00A0C91BC942}") = "No32. Longest Valid Parentheses", "No32. Longest Valid Parentheses\No32. Longest Valid Parentheses.vcxproj", "{73BCCB03-3F95-4371-B8EB-61DB44AF26C7}"
EndProject
Global
	GlobalSection(SolutionConfigurationPlatforms) = preSolution
		Debug|Mixed Platforms = Debug|Mixed Platforms
		Debug|Win32 = Debug|Win32
		Debug|x64 = Debug|x64
		Debug|x86 = Debug|x86
		Release|Mixed Platforms = Release|Mixed Platforms
		Release|Win32 = Release|Win32
		Release|x64 = Release|x64
		Release|x86 = Release|x86
	EndGlobalSection
	GlobalSection(ProjectConfigurationPlatforms) = postSolution
		{A2403BA0-86FA-4BE7-A994-AD121DEFEB3A}.Debug|Mixed Platforms.ActiveCfg = Debug|Win32
		{A2403BA0-86FA-4BE7-A994-AD121DEFEB3A}.Debug|Mixed Platforms.Build.0 = Debug|Win32
		{A2403BA0-86FA-4BE7-A994-AD121DEFEB3A}.Debug|Win32.ActiveCfg = Debug|Win32
		{A2403BA0-86FA-4BE7-A994-AD121DEFEB3A}.Debug|Win32.Build.0 = Debug|Win32
		{A2403BA0-86FA-4BE7-A994-AD121DEFEB3A}.Debug|x64.ActiveCfg = Debug|x64
		{A2403BA0-86FA-4BE7-A994-AD121DEFEB3A}.Debug|x64.Build.0 = Debug|x64
		{A2403BA0-86FA-4BE7-A994-AD121DEFEB3A}.Debug|x86.ActiveCfg = Debug|Win32
		{A2403BA0-86FA-4BE7-A994-AD121DEFEB3A}.Debug|x86.Build.0 = Debug|Win32
		{A2403BA0-86FA-4BE7-A994-AD121DEFEB3A}.Release|Mixed Platforms.ActiveCfg = Release|Win32
		{A2403BA0-86FA-4BE7-A994-AD121DEFEB3A}.Release|Mixed Platforms.Build.0 = Release|Win32
		{A2403BA0-86FA-4BE7-A994-AD121DEFEB3A}.Release|Win32.ActiveCfg = Release|Win32
		{A2403BA0-86FA-4BE7-A994-AD121DEFEB3A}.Release|Win32.Build.0 = Release|Win32
		{A2403BA0-86FA-4BE7-A994-AD121DEFEB3A}.Release|x64.ActiveCfg = Release|x64
		{A2403BA0-86FA-4BE7-A994-AD121DEFEB3A}.Release|x64.Build.0 = Release|x64
		{A2403BA0-86FA-4BE7-A994-AD121DEFEB3A}.Release|x86.ActiveCfg = Release|Win32
		{A2403BA0-86FA-4BE7-A994-AD121DEFEB3A}.Release|x86.Build.0 = Release|Win32
		{A17EC600-0770-4C7E-9C3F-244846113689}.Debug|Mixed Platforms.ActiveCfg = Debug|Win32
		{A17EC600-0770-4C7E-9C3F-244846113689}.Debug|Mixed Platforms.Build.0 = Debug|Win32
		{A17EC600-0770-4C7E-9C3F-244846113689}.Debug|Win32.ActiveCfg = Debug|Win32
		{A17EC600-0770-4C7E-9C3F-244846113689}.Debug|Win32.Build.0 = Debug|Win32
		{A17EC600-0770-4C7E-9C3F-244846113689}.Debug|x64.ActiveCfg = Debug|x64
		{A17EC600-0770-4C7E-9C3F-244846113689}.Debug|x64.Build.0 = Debug|x64
		{A17EC600-0770-4C7E-9C3F-244846113689}.Debug|x86.ActiveCfg = Debug|Win32
		{A17EC600-0770-4C7E-9C3F-244846113689}.Debug|x86.Build.0 = Debug|Win32
		{A17EC600-0770-4C7E-9C3F-244846113689}.Release|Mixed Platforms.ActiveCfg = Release|Win32
		{A17EC600-0770-4C7E-9C3F-244846113689}.Release|Mixed Platforms.Build.0 = Release|Win32
		{A17EC600-0770-4C7E-9C3F-244846113689}.Release|Win32.ActiveCfg = Release|Win32
		{A17EC600-0770-4C7E-9C3F-244846113689}.Release|Win32.Build.0 = Release|Win32
		{A17EC600-0770-4C7E-9C3F-244846113689}.Release|x64.ActiveCfg = Release|x64
		{A17EC600-0770-4C7E-9C3F-244846113689}.Release|x64.Build.0 = Release|x64
		{A17EC600-0770-4C7E-9C3F-244846113689}.Release|x86.ActiveCfg = Release|Win32
		{A17EC600-0770-4C7E-9C3F-244846113689}.Release|x86.Build.0 = Release|Win32
		{354A8D01-163E-4E50-94A4-70B5B20E2CE4}.Debug|Mixed Platforms.ActiveCfg = Debug|Win32
		{354A8D01-163E-4E50-94A4-70B5B20E2CE4}.Debug|Mixed Platforms.Build.0 = Debug|Win32
		{354A8D01-163E-4E50-94A4-70B5B20E2CE4}.Debug|Win32.ActiveCfg = Debug|Win32
		{354A8D01-163E-4E50-94A4-70B5B20E2CE4}.Debug|Win32.Build.0 = Debug|Win32
		{354A8D01-163E-4E50-94A4-70B5B20E2CE4}.Debug|x64.ActiveCfg = Debug|x64
		{354A8D01-163E-4E50-94A4-70B5B20E2CE4}.Debug|x64.Build.0 = Debug|x64
		{354A8D01-163E-4E50-94A4-70B5B20E2CE4}.Debug|x86.ActiveCfg = Debug|Win32
		{354A8D01-163E-4E50-94A4-70B5B20E2CE4}.Debug|x86.Build.0 = Debug|Win32
		{354A8D01-163E-4E50-94A4-70B5B20E2CE4}.Release|Mixed Platforms.ActiveCfg = Release|Win32
		{354A8D01-163E-4E50-94A4-70B5B20E2CE4}.Release|Mixed Platforms.Build.0 = Release|Win32
		{354A8D01-163E-4E50-94A4-70B5B20E2CE4}.Release|Win32.ActiveCfg = Release|Win32
		{354A8D01-163E-4E50-94A4-70B5B20E2CE4}.Release|Win32.Build.0 = Release|Win32
		{354A8D01-163E-4E50-94A4-70B5B20E2CE4}.Release|x64.ActiveCfg = Release|x64
		{354A8D01-163E-4E50-94A4-70B5B20E2CE4}.Release|x64.Build.0 = Release|x64
		{354A8D01-163E-4E50-94A4-70B5B20E2CE4}.Release|x86.ActiveCfg = Release|Win32
		{354A8D01-163E-4E50-94A4-70B5B20E2CE4}.Release|x86.Build.0 = Release|Win32
		{1BEA33D2-F37B-4CDB-9D5A-677EC70EBA74}.Debug|Mixed Platforms.ActiveCfg = Debug|Win32
		{1BEA33D2-F37B-4CDB-9D5A-677EC70EBA74}.Debug|Mixed Platforms.Build.0 = Debug|Win32
		{1BEA33D2-F37B-4CDB-9D5A-677EC70EBA74}.Debug|Win32.ActiveCfg = Debug|Win32
		{1BEA33D2-F37B-4CDB-9D5A-677EC70EBA74}.Debug|Win32.Build.0 = Debug|Win32
		{1BEA33D2-F37B-4CDB-9D5A-677EC70EBA74}.Debug|x64.ActiveCfg = Debug|x64
		{1BEA33D2-F37B-4CDB-9D5A-677EC70EBA74}.Debug|x64.Build.0 = Debug|x64
		{1BEA33D2-F37B-4CDB-9D5A-677EC70EBA74}.Debug|x86.ActiveCfg = Debug|Win32
		{1BEA33D2-F37B-4CDB-9D5A-677EC70EBA74}.Debug|x86.Build.0 = Debug|Win32
		{1BEA33D2-F37B-4CDB-9D5A-677EC70EBA74}.Release|Mixed Platforms.ActiveCfg = Release|Win32
		{1BEA33D2-F37B-4CDB-9D5A-677EC70EBA74}.Release|Mixed Platforms.Build.0 = Release|Win32
		{1BEA33D2-F37B-4CDB-9D5A-677EC70EBA74}.Release|Win32.ActiveCfg = Release|Win32
		{1BEA33D2-F37B-4CDB-9D5A-677EC70EBA74}.Release|Win32.Build.0 = Release|Win32
		{1BEA33D2-F37B-4CDB-9D5A-677EC70EBA74}.Release|x64.ActiveCfg = Release|x64
		{1BEA33D2-F37B-4CDB-9D5A-677EC70EBA74}.Release|x64.Build.0 = Release|x64
		{1BEA33D2-F37B-4CDB-9D5A-677EC70EBA74}.Release|x86.ActiveCfg = Release|Win32
		{1BEA33D2-F37B-4CDB-9D5A-677EC70EBA74}.Release|x86.Build.0 = Release|Win32
		{FB845DB8-FB9B-4C47-B0F0-A00BC9DE20F3}.Debug|Mixed Platforms.ActiveCfg = Debug|Win32
		{FB845DB8-FB9B-4C47-B0F0-A00BC9DE20F3}.Debug|Mixed Platforms.Build.0 = Debug|Win32
		{FB845DB8-FB9B-4C47-B0F0-A00BC9DE20F3}.Debug|Win32.ActiveCfg = Debug|Win32
		{FB845DB8-FB9B-4C47-B0F0-A00BC9DE20F3}.Debug|Win32.Build.0 = Debug|Win32
		{FB845DB8-FB9B-4C47-B0F0-A00BC9DE20F3}.Debug|x64.ActiveCfg = Debug|x64
		{FB845DB8-FB9B-4C47-B0F0-A00BC9DE20F3}.Debug|x64.Build.0 = Debug|x64
		{FB845DB8-FB9B-4C47-B0F0-A00BC9DE20F3}.Debug|x86.ActiveCfg = Debug|Win32
		{FB845DB8-FB9B-4C47-B0F0-A00BC9DE20F3}.Debug|x86.Build.0 = Debug|Win32
		{FB845DB8-FB9B-4C47-B0F0-A00BC9DE20F3}.Release|Mixed Platforms.ActiveCfg = Release|Win32
		{FB845DB8-FB9B-4C47-B0F0-A00BC9DE20F3}.Release|Mixed Platforms.Build.0 = Release|Win32
		{FB845DB8-FB9B-4C47-B0F0-A00BC9DE20F3}.Release|Win32.ActiveCfg = Release|Win32
		{FB845DB8-FB9B-4C47-B0F0-A00BC9DE20F3}.Release|Win32.Build.0 = Release|Win32
		{FB845DB8-FB9B-4C47-B0F0-A00BC9DE20F3}.Release|x64.ActiveCfg = Release|x64
		{FB845DB8-FB9B-4C47-B0F0-A00BC9DE20F3}.Release|x64.Build.0 = Release|x64
		{FB845DB8-FB9B-4C47-B0F0-A00BC9DE20F3}.Release|x86.ActiveCfg = Release|Win32
		{FB845DB8-FB9B-4C47-B0F0-A00BC9DE20F3}.Release|x86.Build.0 = Release|Win32
		{F6477229-136A-49D5-AF44-28C66F574680}.Debug|Mixed Platforms.ActiveCfg = Debug|Win32
		{F6477229-136A-49D5-AF44-28C66F574680}.Debug|Mixed Platforms.Build.0 = Debug|Win32
		{F6477229-136A-49D5-AF44-28C66F574680}.Debug|Win32.ActiveCfg = Debug|Win32
		{F6477229-136A-49D5-AF44-28C66F574680}.Debug|Win32.Build.0 = Debug|Win32
		{F6477229-136A-49D5-AF44-28C66F574680}.Debug|x64.ActiveCfg = Debug|x64
		{F6477229-136A-49D5-AF44-28C66F574680}.Debug|x64.Build.0 = Debug|x64
		{F6477229-136A-49D5-AF44-28C66F574680}.Debug|x86.ActiveCfg = Debug|Win32
		{F6477229-136A-49D5-AF44-28C66F574680}.Debug|x86.Build.0 = Debug|Win32
		{F6477229-136A-49D5-AF44-28C66F574680}.Release|Mixed Platforms.ActiveCfg = Release|Win32
		{F6477229-136A-49D5-AF44-28C66F574680}.Release|Mixed Platforms.Build.0 = Release|Win32
		{F6477229-136A-49D5-AF44-28C66F574680}.Release|Win32.ActiveCfg = Release|Win32
		{F6477229-136A-49D5-AF44-28C66F574680}.Release|Win32.Build.0 = Release|Win32
		{F6477229-136A-49D5-AF44-28C66F574680}.Release|x64.ActiveCfg = Release|x64
		{F6477229-136A-49D5-AF44-28C66F574680}.Release|x64.Build.0 = Release|x64
		{F6477229-136A-49D5-AF44-28C66F574680}.Release|x86.ActiveCfg = Release|Win32
		{F6477229-136A-49D5-AF44-28C66F574680}.Release|x86.Build.0 = Release|Win32
		{FE03B5F9-B23A-4A66-BD78-4E669AA811F2}.Debug|Mixed Platforms.ActiveCfg = Debug|Win32
		{FE03B5F9-B23A-4A66-BD78-4E669AA811F2}.Debug|Mixed Platforms.Build.0 = Debug|Win32
		{FE03B5F9-B23A-4A66-BD78-4E669AA811F2}.Debug|Win32.ActiveCfg = Debug|Win32
		{FE03B5F9-B23A-4A66-BD78-4E669AA811F2}.Debug|Win32.Build.0 = Debug|Win32
		{FE03B5F9-B23A-4A66-BD78-4E669AA811F2}.Debug|x64.ActiveCfg = Debug|x64
		{FE03B5F9-B23A-4A66-BD78-4E669AA811F2}.Debug|x64.Build.0 = Debug|x64
		{FE03B5F9-B23A-4A66-BD78-4E669AA811F2}.Debug|x86.ActiveCfg = Debug|Win32
		{FE03B5F9-B23A-4A66-BD78-4E669AA811F2}.Debug|x86.Build.0 = Debug|Win32
		{FE03B5F9-B23A-4A66-BD78-4E669AA811F2}.Release|Mixed Platforms.ActiveCfg = Release|Win32
		{FE03B5F9-B23A-4A66-BD78-4E669AA811F2}.Release|Mixed Platforms.Build.0 = Release|Win32
		{FE03B5F9-B23A-4A66-BD78-4E669AA811F2}.Release|Win32.ActiveCfg = Release|Win32
		{FE03B5F9-B23A-4A66-BD78-4E669AA811F2}.Release|Win32.Build.0 = Release|Win32
		{FE03B5F9-B23A-4A66-BD78-4E669AA811F2}.Release|x64.ActiveCfg = Release|x64
		{FE03B5F9-B23A-4A66-BD78-4E669AA811F2}.Release|x64.Build.0 = Release|x64
		{FE03B5F9-B23A-4A66-BD78-4E669AA811F2}.Release|x86.ActiveCfg = Release|Win32
		{FE03B5F9-B23A-4A66-BD78-4E669AA811F2}.Release|x86.Build.0 = Release|Win32
		{BFF44616-EB7D-4EB9-9E1E-C0596AA75713}.Debug|Mixed Platforms.ActiveCfg = Debug|Win32
		{BFF44616-EB7D-4EB9-9E1E-C0596AA75713}.Debug|Mixed Platforms.Build.0 = Debug|Win32
		{BFF44616-EB7D-4EB9-9E1E-C0596AA75713}.Debug|Win32.ActiveCfg = Debug|Win32
		{BFF44616-EB7D-4EB9-9E1E-C0596AA75713}.Debug|Win32.Build.0 = Debug|Win32
		{BFF44616-EB7D-4EB9-9E1E-C0596AA75713}.Debug|x64.ActiveCfg = Debug|x64
		{BFF44616-EB7D-4EB9-9E1E-C0596AA75713}.Debug|x64.Build.0 = Debug|x64
		{BFF44616-EB7D-4EB9-9E1E-C0596AA75713}.Debug|x86.ActiveCfg = Debug|Win32
		{BFF44616-EB7D-4EB9-9E1E-C0596AA75713}.Debug|x86.Build.0 = Debug|Win32
		{BFF44616-EB7D-4EB9-9E1E-C0596AA75713}.Release|Mixed Platforms.ActiveCfg = Release|Win32
		{BFF44616-EB7D-4EB9-9E1E-C0596AA75713}.Release|Mixed Platforms.Build.0 = Release|Win32
		{BFF44616-EB7D-4EB9-9E1E-C0596AA75713}.Release|Win32.ActiveCfg = Release|Win32
		{BFF44616-EB7D-4EB9-9E1E-C0596AA75713}.Release|Win32.Build.0 = Release|Win32
		{BFF44616-EB7D-4EB9-9E1E-C0596AA75713}.Release|x64.ActiveCfg = Release|x64
		{BFF44616-EB7D-4EB9-9E1E-C0596AA75713}.Release|x64.Build.0 = Release|x64
		{BFF44616-EB7D-4EB9-9E1E-C0596AA75713}.Release|x86.ActiveCfg = Release|Win32
		{BFF44616-EB7D-4EB9-9E1E-C0596AA75713}.Release|x86.Build.0 = Release|Win32
		{D5AA0580-0E20-45DB-9322-8D104593014E}.Debug|Mixed Platforms.ActiveCfg = Debug|Win32
		{D5AA0580-0E20-45DB-9322-8D104593014E}.Debug|Mixed Platforms.Build.0 = Debug|Win32
		{D5AA0580-0E20-45DB-9322-8D104593014E}.Debug|Win32.ActiveCfg = Debug|Win32
		{D5AA0580-0E20-45DB-9322-8D104593014E}.Debug|Win32.Build.0 = Debug|Win32
		{D5AA0580-0E20-45DB-9322-8D104593014E}.Debug|x64.ActiveCfg = Debug|x64
		{D5AA0580-0E20-45DB-9322-8D104593014E}.Debug|x64.Build.0 = Debug|x64
		{D5AA0580-0E20-45DB-9322-8D104593014E}.Debug|x86.ActiveCfg = Debug|Win32
		{D5AA0580-0E20-45DB-9322-8D104593014E}.Debug|x86.Build.0 = Debug|Win32
		{D5AA0580-0E20-45DB-9322-8D104593014E}.Release|Mixed Platforms.ActiveCfg = Release|Win32
		{D5AA0580-0E20-45DB-9322-8D104593014E}.Release|Mixed Platforms.Build.0 = Release|Win32
		{D5AA0580-0E20-45DB-9322-8D104593014E}.Release|Win32.ActiveCfg = Release|Win32
		{D5AA0580-0E20-45DB-9322-8D104593014E}.Release|Win32.Build.0 = Release|Win32
		{D5AA0580-0E20-45DB-9322-8D104593014E}.Release|x64.ActiveCfg = Release|x64
		{D5AA0580-0E20-45DB-9322-8D104593014E}.Release|x64.Build.0 = Release|x64
		{D5AA0580-0E20-45DB-9322-8D104593014E}.Release|x86.ActiveCfg = Release|Win32
		{D5AA0580-0E20-45DB-9322-8D104593014E}.Release|x86.Build.0 = Release|Win32
		{3EB729E7-DD6C-43E6-9188-95C774C17EE5}.Debug|Mixed Platforms.ActiveCfg = Debug|Win32
		{3EB729E7-DD6C-43E6-9188-95C774C17EE5}.Debug|Mixed Platforms.Build.0 = Debug|Win32
		{3EB729E7-DD6C-43E6-9188-95C774C17EE5}.Debug|Win32.ActiveCfg = Debug|Win32
		{3EB729E7-DD6C-43E6-9188-95C774C17EE5}.Debug|Win32.Build.0 = Debug|Win32
		{3EB729E7-DD6C-43E6-9188-95C774C17EE5}.Debug|x64.ActiveCfg = Debug|Win32
		{3EB729E7-DD6C-43E6-9188-95C774C17EE5}.Debug|x86.ActiveCfg = Debug|Win32
		{3EB729E7-DD6C-43E6-9188-95C774C17EE5}.Debug|x86.Build.0 = Debug|Win32
		{3EB729E7-DD6C-43E6-9188-95C774C17EE5}.Release|Mixed Platforms.ActiveCfg = Release|Win32
		{3EB729E7-DD6C-43E6-9188-95C774C17EE5}.Release|Mixed Platforms.Build.0 = Release|Win32
		{3EB729E7-DD6C-43E6-9188-95C774C17EE5}.Release|Win32.ActiveCfg = Release|Win32
		{3EB729E7-DD6C-43E6-9188-95C774C17EE5}.Release|Win32.Build.0 = Release|Win32
		{3EB729E7-DD6C-43E6-9188-95C774C17EE5}.Release|x64.ActiveCfg = Release|Win32
		{3EB729E7-DD6C-43E6-9188-95C774C17EE5}.Release|x86.ActiveCfg = Release|Win32
		{3EB729E7-DD6C-43E6-9188-95C774C17EE5}.Release|x86.Build.0 = Release|Win32
		{B80F8668-7E2B-43A9-9556-B0BC128AE0CF}.Debug|Mixed Platforms.ActiveCfg = Debug|Win32
		{B80F8668-7E2B-43A9-9556-B0BC128AE0CF}.Debug|Mixed Platforms.Build.0 = Debug|Win32
		{B80F8668-7E2B-43A9-9556-B0BC128AE0CF}.Debug|Win32.ActiveCfg = Debug|Win32
		{B80F8668-7E2B-43A9-9556-B0BC128AE0CF}.Debug|Win32.Build.0 = Debug|Win32
		{B80F8668-7E2B-43A9-9556-B0BC128AE0CF}.Debug|x64.ActiveCfg = Debug|x64
		{B80F8668-7E2B-43A9-9556-B0BC128AE0CF}.Debug|x64.Build.0 = Debug|x64
		{B80F8668-7E2B-43A9-9556-B0BC128AE0CF}.Debug|x86.ActiveCfg = Debug|Win32
		{B80F8668-7E2B-43A9-9556-B0BC128AE0CF}.Debug|x86.Build.0 = Debug|Win32
		{B80F8668-7E2B-43A9-9556-B0BC128AE0CF}.Release|Mixed Platforms.ActiveCfg = Release|Win32
		{B80F8668-7E2B-43A9-9556-B0BC128AE0CF}.Release|Mixed Platforms.Build.0 = Release|Win32
		{B80F8668-7E2B-43A9-9556-B0BC128AE0CF}.Release|Win32.ActiveCfg = Release|Win32
		{B80F8668-7E2B-43A9-9556-B0BC128AE0CF}.Release|Win32.Build.0 = Release|Win32
		{B80F8668-7E2B-43A9-9556-B0BC128AE0CF}.Release|x64.ActiveCfg = Release|x64
		{B80F8668-7E2B-43A9-9556-B0BC128AE0CF}.Release|x64.Build.0 = Release|x64
		{B80F8668-7E2B-43A9-9556-B0BC128AE0CF}.Release|x86.ActiveCfg = Release|Win32
		{B80F8668-7E2B-43A9-9556-B0BC128AE0CF}.Release|x86.Build.0 = Release|Win32
		{87071F62-D22C-44ED-BD53-FC084A3CDFEC}.Debug|Mixed Platforms.ActiveCfg = Debug|Win32
		{87071F62-D22C-44ED-BD53-FC084A3CDFEC}.Debug|Mixed Platforms.Build.0 = Debug|Win32
		{87071F62-D22C-44ED-BD53-FC084A3CDFEC}.Debug|Win32.ActiveCfg = Debug|Win32
		{87071F62-D22C-44ED-BD53-FC084A3CDFEC}.Debug|Win32.Build.0 = Debug|Win32
		{87071F62-D22C-44ED-BD53-FC084A3CDFEC}.Debug|x64.ActiveCfg = Debug|x64
		{87071F62-D22C-44ED-BD53-FC084A3CDFEC}.Debug|x64.Build.0 = Debug|x64
		{87071F62-D22C-44ED-BD53-FC084A3CDFEC}.Debug|x86.ActiveCfg = Debug|Win32
		{87071F62-D22C-44ED-BD53-FC084A3CDFEC}.Debug|x86.Build.0 = Debug|Win32
		{87071F62-D22C-44ED-BD53-FC084A3CDFEC}.Release|Mixed Platforms.ActiveCfg = Release|Win32
		{87071F62-D22C-44ED-BD53-FC084A3CDFEC}.Release|Mixed Platforms.Build.0 = Release|Win32
		{87071F62-D22C-44ED-BD53-FC084A3CDFEC}.Release|Win32.ActiveCfg = Release|Win32
		{87071F62-D22C-44ED-BD53-FC084A3CDFEC}.Release|Win32.Build.0 = Release|Win32
		{87071F62-D22C-44ED-BD53-FC084A3CDFEC}.Release|x64.ActiveCfg = Release|x64
		{87071F62-D22C-44ED-BD53-FC084A3CDFEC}.Release|x64.Build.0 = Release|x64
		{87071F62-D22C-44ED-BD53-FC084A3CDFEC}.Release|x86.ActiveCfg = Release|Win32
		{87071F62-D22C-44ED-BD53-FC084A3CDFEC}.Release|x86.Build.0 = Release|Win32
		{FF05A439-3735-45AB-9008-98DADDF09276}.Debug|Mixed Platforms.ActiveCfg = Debug|Win32
		{FF05A439-3735-45AB-9008-98DADDF09276}.Debug|Mixed Platforms.Build.0 = Debug|Win32
		{FF05A439-3735-45AB-9008-98DADDF09276}.Debug|Win32.ActiveCfg = Debug|Win32
		{FF05A439-3735-45AB-9008-98DADDF09276}.Debug|Win32.Build.0 = Debug|Win32
		{FF05A439-3735-45AB-9008-98DADDF09276}.Debug|x64.ActiveCfg = Debug|x64
		{FF05A439-3735-45AB-9008-98DADDF09276}.Debug|x64.Build.0 = Debug|x64
		{FF05A439-3735-45AB-9008-98DADDF09276}.Debug|x86.ActiveCfg = Debug|Win32
		{FF05A439-3735-45AB-9008-98DADDF09276}.Debug|x86.Build.0 = Debug|Win32
		{FF05A439-3735-45AB-9008-98DADDF09276}.Release|Mixed Platforms.ActiveCfg = Release|Win32
		{FF05A439-3735-45AB-9008-98DADDF09276}.Release|Mixed Platforms.Build.0 = Release|Win32
		{FF05A439-3735-45AB-9008-98DADDF09276}.Release|Win32.ActiveCfg = Release|Win32
		{FF05A439-3735-45AB-9008-98DADDF09276}.Release|Win32.Build.0 = Release|Win32
		{FF05A439-3735-45AB-9008-98DADDF09276}.Release|x64.ActiveCfg = Release|x64
		{FF05A439-3735-45AB-9008-98DADDF09276}.Release|x64.Build.0 = Release|x64
		{FF05A439-3735-45AB-9008-98DADDF09276}.Release|x86.ActiveCfg = Release|Win32
		{FF05A439-3735-45AB-9008-98DADDF09276}.Release|x86.Build.0 = Release|Win32
		{1A4E7494-A848-40D9-AC41-75007C7CE505}.Debug|Mixed Platforms.ActiveCfg = Debug|Win32
		{1A4E7494-A848-40D9-AC41-75007C7CE505}.Debug|Mixed Platforms.Build.0 = Debug|Win32
		{1A4E7494-A848-40D9-AC41-75007C7CE505}.Debug|Win32.ActiveCfg = Debug|Win32
		{1A4E7494-A848-40D9-AC41-75007C7CE505}.Debug|Win32.Build.0 = Debug|Win32
		{1A4E7494-A848-40D9-AC41-75007C7CE505}.Debug|x64.ActiveCfg = Debug|x64
		{1A4E7494-A848-40D9-AC41-75007C7CE505}.Debug|x64.Build.0 = Debug|x64
		{1A4E7494-A848-40D9-AC41-75007C7CE505}.Debug|x86.ActiveCfg = Debug|Win32
		{1A4E7494-A848-40D9-AC41-75007C7CE505}.Debug|x86.Build.0 = Debug|Win32
		{1A4E7494-A848-40D9-AC41-75007C7CE505}.Release|Mixed Platforms.ActiveCfg = Release|Win32
		{1A4E7494-A848-40D9-AC41-75007C7CE505}.Release|Mixed Platforms.Build.0 = Release|Win32
		{1A4E7494-A848-40D9-AC41-75007C7CE505}.Release|Win32.ActiveCfg = Release|Win32
		{1A4E7494-A848-40D9-AC41-75007C7CE505}.Release|Win32.Build.0 = Release|Win32
		{1A4E7494-A848-40D9-AC41-75007C7CE505}.Release|x64.ActiveCfg = Release|x64
		{1A4E7494-A848-40D9-AC41-75007C7CE505}.Release|x64.Build.0 = Release|x64
		{1A4E7494-A848-40D9-AC41-75007C7CE505}.Release|x86.ActiveCfg = Release|Win32
		{1A4E7494-A848-40D9-AC41-75007C7CE505}.Release|x86.Build.0 = Release|Win32
		{5D61E4BE-9C6D-454F-8E8D-006C00858AA4}.Debug|Mixed Platforms.ActiveCfg = Debug|Win32
		{5D61E4BE-9C6D-454F-8E8D-006C00858AA4}.Debug|Mixed Platforms.Build.0 = Debug|Win32
		{5D61E4BE-9C6D-454F-8E8D-006C00858AA4}.Debug|Win32.ActiveCfg = Debug|Win32
		{5D61E4BE-9C6D-454F-8E8D-006C00858AA4}.Debug|Win32.Build.0 = Debug|Win32
		{5D61E4BE-9C6D-454F-8E8D-006C00858AA4}.Debug|x64.ActiveCfg = Debug|x64
		{5D61E4BE-9C6D-454F-8E8D-006C00858AA4}.Debug|x64.Build.0 = Debug|x64
		{5D61E4BE-9C6D-454F-8E8D-006C00858AA4}.Debug|x86.ActiveCfg = Debug|Win32
		{5D61E4BE-9C6D-454F-8E8D-006C00858AA4}.Debug|x86.Build.0 = Debug|Win32
		{5D61E4BE-9C6D-454F-8E8D-006C00858AA4}.Release|Mixed Platforms.ActiveCfg = Release|Win32
		{5D61E4BE-9C6D-454F-8E8D-006C00858AA4}.Release|Mixed Platforms.Build.0 = Release|Win32
		{5D61E4BE-9C6D-454F-8E8D-006C00858AA4}.Release|Win32.ActiveCfg = Release|Win32
		{5D61E4BE-9C6D-454F-8E8D-006C00858AA4}.Release|Win32.Build.0 = Release|Win32
		{5D61E4BE-9C6D-454F-8E8D-006C00858AA4}.Release|x64.ActiveCfg = Release|x64
		{5D61E4BE-9C6D-454F-8E8D-006C00858AA4}.Release|x64.Build.0 = Release|x64
		{5D61E4BE-9C6D-454F-8E8D-006C00858AA4}.Release|x86.ActiveCfg = Release|Win32
		{5D61E4BE-9C6D-454F-8E8D-006C00858AA4}.Release|x86.Build.0 = Release|Win32
		{70894782-2EFA-4E32-B562-CC6466ECD9F8}.Debug|Mixed Platforms.ActiveCfg = Debug|Win32
		{70894782-2EFA-4E32-B562-CC6466ECD9F8}.Debug|Mixed Platforms.Build.0 = Debug|Win32
		{70894782-2EFA-4E32-B562-CC6466ECD9F8}.Debug|Win32.ActiveCfg = Debug|Win32
		{70894782-2EFA-4E32-B562-CC6466ECD9F8}.Debug|Win32.Build.0 = Debug|Win32
		{70894782-2EFA-4E32-B562-CC6466ECD9F8}.Debug|x64.ActiveCfg = Debug|x64
		{70894782-2EFA-4E32-B562-CC6466ECD9F8}.Debug|x64.Build.0 = Debug|x64
		{70894782-2EFA-4E32-B562-CC6466ECD9F8}.Debug|x86.ActiveCfg = Debug|Win32
		{70894782-2EFA-4E32-B562-CC6466ECD9F8}.Debug|x86.Build.0 = Debug|Win32
		{70894782-2EFA-4E32-B562-CC6466ECD9F8}.Release|Mixed Platforms.ActiveCfg = Release|Win32
		{70894782-2EFA-4E32-B562-CC6466ECD9F8}.Release|Mixed Platforms.Build.0 = Release|Win32
		{70894782-2EFA-4E32-B562-CC6466ECD9F8}.Release|Win32.ActiveCfg = Release|Win32
		{70894782-2EFA-4E32-B562-CC6466ECD9F8}.Release|Win32.Build.0 = Release|Win32
		{70894782-2EFA-4E32-B562-CC6466ECD9F8}.Release|x64.ActiveCfg = Release|x64
		{70894782-2EFA-4E32-B562-CC6466ECD9F8}.Release|x64.Build.0 = Release|x64
		{70894782-2EFA-4E32-B562-CC6466ECD9F8}.Release|x86.ActiveCfg = Release|Win32
		{70894782-2EFA-4E32-B562-CC6466ECD9F8}.Release|x86.Build.0 = Release|Win32
		{840CFD1E-F3F5-4697-BE99-994A07987663}.Debug|Mixed Platforms.ActiveCfg = Debug|Win32
		{840CFD1E-F3F5-4697-BE99-994A07987663}.Debug|Mixed Platforms.Build.0 = Debug|Win32
		{840CFD1E-F3F5-4697-BE99-994A07987663}.Debug|Win32.ActiveCfg = Debug|Win32
		{840CFD1E-F3F5-4697-BE99-994A07987663}.Debug|Win32.Build.0 = Debug|Win32
		{840CFD1E-F3F5-4697-BE99-994A07987663}.Debug|x64.ActiveCfg = Debug|x64
		{840CFD1E-F3F5-4697-BE99-994A07987663}.Debug|x64.Build.0 = Debug|x64
		{840CFD1E-F3F5-4697-BE99-994A07987663}.Debug|x86.ActiveCfg = Debug|Win32
		{840CFD1E-F3F5-4697-BE99-994A07987663}.Debug|x86.Build.0 = Debug|Win32
		{840CFD1E-F3F5-4697-BE99-994A07987663}.Release|Mixed Platforms.ActiveCfg = Release|Win32
		{840CFD1E-F3F5-4697-BE99-994A07987663}.Release|Mixed Platforms.Build.0 = Release|Win32
		{840CFD1E-F3F5-4697-BE99-994A07987663}.Release|Win32.ActiveCfg = Release|Win32
		{840CFD1E-F3F5-4697-BE99-994A07987663}.Release|Win32.Build.0 = Release|Win32
		{840CFD1E-F3F5-4697-BE99-994A07987663}.Release|x64.ActiveCfg = Release|x64
		{840CFD1E-F3F5-4697-BE99-994A07987663}.Release|x64.Build.0 = Release|x64
		{840CFD1E-F3F5-4697-BE99-994A07987663}.Release|x86.ActiveCfg = Release|Win32
		{840CFD1E-F3F5-4697-BE99-994A07987663}.Release|x86.Build.0 = Release|Win32
		{7CA6D381-C0E6-4B98-A985-6EDD24593042}.Debug|Mixed Platforms.ActiveCfg = Debug|Win32
		{7CA6D381-C0E6-4B98-A985-6EDD24593042}.Debug|Mixed Platforms.Build.0 = Debug|Win32
		{7CA6D381-C0E6-4B98-A985-6EDD24593042}.Debug|Win32.ActiveCfg = Debug|Win32
		{7CA6D381-C0E6-4B98-A985-6EDD24593042}.Debug|Win32.Build.0 = Debug|Win32
		{7CA6D381-C0E6-4B98-A985-6EDD24593042}.Debug|x64.ActiveCfg = Debug|x64
		{7CA6D381-C0E6-4B98-A985-6EDD24593042}.Debug|x64.Build.0 = Debug|x64
		{7CA6D381-C0E6-4B98-A985-6EDD24593042}.Debug|x86.ActiveCfg = Debug|Win32
		{7CA6D381-C0E6-4B98-A985-6EDD24593042}.Debug|x86.Build.0 = Debug|Win32
		{7CA6D381-C0E6-4B98-A985-6EDD24593042}.Release|Mixed Platforms.ActiveCfg = Release|Win32
		{7CA6D381-C0E6-4B98-A985-6EDD24593042}.Release|Mixed Platforms.Build.0 = Release|Win32
		{7CA6D381-C0E6-4B98-A985-6EDD24593042}.Release|Win32.ActiveCfg = Release|Win32
		{7CA6D381-C0E6-4B98-A985-6EDD24593042}.Release|Win32.Build.0 = Release|Win32
		{7CA6D381-C0E6-4B98-A985-6EDD24593042}.Release|x64.ActiveCfg = Release|x64
		{7CA6D381-C0E6-4B98-A985-6EDD24593042}.Release|x64.Build.0 = Release|x64
		{7CA6D381-C0E6-4B98-A985-6EDD24593042}.Release|x86.ActiveCfg = Release|Win32
		{7CA6D381-C0E6-4B98-A985-6EDD24593042}.Release|x86.Build.0 = Release|Win32
		{8732526F-CA08-4889-9042-83D1D7F59944}.Debug|Mixed Platforms.ActiveCfg = Debug|Win32
		{8732526F-CA08-4889-9042-83D1D7F59944}.Debug|Mixed Platforms.Build.0 = Debug|Win32
		{8732526F-CA08-4889-9042-83D1D7F59944}.Debug|Win32.ActiveCfg = Debug|Win32
		{8732526F-CA08-4889-9042-83D1D7F59944}.Debug|Win32.Build.0 = Debug|Win32
		{8732526F-CA08-4889-9042-83D1D7F59944}.Debug|x64.ActiveCfg = Debug|x64
		{8732526F-CA08-4889-9042-83D1D7F59944}.Debug|x64.Build.0 = Debug|x64
		{8732526F-CA08-4889-9042-83D1D7F59944}.Debug|x86.ActiveCfg = Debug|Win32
		{8732526F-CA08-4889-9042-83D1D7F59944}.Debug|x86.Build.0 = Debug|Win32
		{8732526F-CA08-4889-9042-83D1D7F59944}.Release|Mixed Platforms.ActiveCfg = Release|Win32
		{8732526F-CA08-4889-9042-83D1D7F59944}.Release|Mixed Platforms.Build.0 = Release|Win32
		{8732526F-CA08-4889-9042-83D1D7F59944}.Release|Win32.ActiveCfg = Release|Win32
		{8732526F-CA08-4889-9042-83D1D7F59944}.Release|Win32.Build.0 = Release|Win32
		{8732526F-CA08-4889-9042-83D1D7F59944}.Release|x64.ActiveCfg = Release|x64
		{8732526F-CA08-4889-9042-83D1D7F59944}.Release|x64.Build.0 = Release|x64
		{8732526F-CA08-4889-9042-83D1D7F59944}.Release|x86.ActiveCfg = Release|Win32
		{8732526F-CA08-4889-9042-83D1D7F59944}.Release|x86.Build.0 = Release|Win32
		{C38F209C-6DEE-493F-8C0B-482728041F2C}.Debug|Mixed Platforms.ActiveCfg = Debug|Win32
		{C38F209C-6DEE-493F-8C0B-482728041F2C}.Debug|Mixed Platforms.Build.0 = Debug|Win32
		{C38F209C-6DEE-493F-8C0B-482728041F2C}.Debug|Win32.ActiveCfg = Debug|Win32
		{C38F209C-6DEE-493F-8C0B-482728041F2C}.Debug|Win32.Build.0 = Debug|Win32
		{C38F209C-6DEE-493F-8C0B-482728041F2C}.Debug|x64.ActiveCfg = Debug|x64
		{C38F209C-6DEE-493F-8C0B-482728041F2C}.Debug|x64.Build.0 = Debug|x64
		{C38F209C-6DEE-493F-8C0B-482728041F2C}.Debug|x86.ActiveCfg = Debug|Win32
		{C38F209C-6DEE-493F-8C0B-482728041F2C}.Debug|x86.Build.0 = Debug|Win32
		{C38F209C-6DEE-493F-8C0B-482728041F2C}.Release|Mixed Platforms.ActiveCfg = Release|Win32
		{C38F209C-6DEE-493F-8C0B-482728041F2C}.Release|Mixed Platforms.Build.0 = Release|Win32
		{C38F209C-6DEE-493F-8C0B-482728041F2C}.Release|Win32.ActiveCfg = Release|Win32
		{C38F209C-6DEE-493F-8C0B-482728041F2C}.Release|Win32.Build.0 = Release|Win32
		{C38F209C-6DEE-493F-8C0B-482728041F2C}.Release|x64.ActiveCfg = Release|x64
		{C38F209C-6DEE-493F-8C0B-482728041F2C}.Release|x64.Build.0 = Release|x64
		{C38F209C-6DEE-493F-8C0B-482728041F2C}.Release|x86.ActiveCfg = Release|Win32
		{C38F209C-6DEE-493F-8C0B-482728041F2C}.Release|x86.Build.0 = Release|Win32
		{D26BB51D-5FE8-42EE-9A05-C3947CCB770F}.Debug|Mixed Platforms.ActiveCfg = Debug|Win32
		{D26BB51D-5FE8-42EE-9A05-C3947CCB770F}.Debug|Mixed Platforms.Build.0 = Debug|Win32
		{D26BB51D-5FE8-42EE-9A05-C3947CCB770F}.Debug|Win32.ActiveCfg = Debug|Win32
		{D26BB51D-5FE8-42EE-9A05-C3947CCB770F}.Debug|Win32.Build.0 = Debug|Win32
		{D26BB51D-5FE8-42EE-9A05-C3947CCB770F}.Debug|x64.ActiveCfg = Debug|x64
		{D26BB51D-5FE8-42EE-9A05-C3947CCB770F}.Debug|x64.Build.0 = Debug|x64
		{D26BB51D-5FE8-42EE-9A05-C3947CCB770F}.Debug|x86.ActiveCfg = Debug|Win32
		{D26BB51D-5FE8-42EE-9A05-C3947CCB770F}.Debug|x86.Build.0 = Debug|Win32
		{D26BB51D-5FE8-42EE-9A05-C3947CCB770F}.Release|Mixed Platforms.ActiveCfg = Release|Win32
		{D26BB51D-5FE8-42EE-9A05-C3947CCB770F}.Release|Mixed Platforms.Build.0 = Release|Win32
		{D26BB51D-5FE8-42EE-9A05-C3947CCB770F}.Release|Win32.ActiveCfg = Release|Win32
		{D26BB51D-5FE8-42EE-9A05-C3947CCB770F}.Release|Win32.Build.0 = Release|Win32
		{D26BB51D-5FE8-42EE-9A05-C3947CCB770F}.Release|x64.ActiveCfg = Release|x64
		{D26BB51D-5FE8-42EE-9A05-C3947CCB770F}.Release|x64.Build.0 = Release|x64
		{D26BB51D-5FE8-42EE-9A05-C3947CCB770F}.Release|x86.ActiveCfg = Release|Win32
		{D26BB51D-5FE8-42EE-9A05-C3947CCB770F}.Release|x86.Build.0 = Release|Win32
		{12D7D2AF-E5D0-48A4-ADC3-0F7FDE612D3E}.Debug|Mixed Platforms.ActiveCfg = Debug|Win32
		{12D7D2AF-E5D0-48A4-ADC3-0F7FDE612D3E}.Debug|Mixed Platforms.Build.0 = Debug|Win32
		{12D7D2AF-E5D0-48A4-ADC3-0F7FDE612D3E}.Debug|Win32.ActiveCfg = Debug|Win32
		{12D7D2AF-E5D0-48A4-ADC3-0F7FDE612D3E}.Debug|Win32.Build.0 = Debug|Win32
		{12D7D2AF-E5D0-48A4-ADC3-0F7FDE612D3E}.Debug|x64.ActiveCfg = Debug|x64
		{12D7D2AF-E5D0-48A4-ADC3-0F7FDE612D3E}.Debug|x64.Build.0 = Debug|x64
		{12D7D2AF-E5D0-48A4-ADC3-0F7FDE612D3E}.Debug|x86.ActiveCfg = Debug|Win32
		{12D7D2AF-E5D0-48A4-ADC3-0F7FDE612D3E}.Debug|x86.Build.0 = Debug|Win32
		{12D7D2AF-E5D0-48A4-ADC3-0F7FDE612D3E}.Release|Mixed Platforms.ActiveCfg = Release|Win32
		{12D7D2AF-E5D0-48A4-ADC3-0F7FDE612D3E}.Release|Mixed Platforms.Build.0 = Release|Win32
		{12D7D2AF-E5D0-48A4-ADC3-0F7FDE612D3E}.Release|Win32.ActiveCfg = Release|Win32
		{12D7D2AF-E5D0-48A4-ADC3-0F7FDE612D3E}.Release|Win32.Build.0 = Release|Win32
		{12D7D2AF-E5D0-48A4-ADC3-0F7FDE612D3E}.Release|x64.ActiveCfg = Release|x64
		{12D7D2AF-E5D0-48A4-ADC3-0F7FDE612D3E}.Release|x64.Build.0 = Release|x64
		{12D7D2AF-E5D0-48A4-ADC3-0F7FDE612D3E}.Release|x86.ActiveCfg = Release|Win32
		{12D7D2AF-E5D0-48A4-ADC3-0F7FDE612D3E}.Release|x86.Build.0 = Release|Win32
		{ABE486B7-6FAA-41F8-AFA3-F40C73F9A1D5}.Debug|Mixed Platforms.ActiveCfg = Debug|Win32
		{ABE486B7-6FAA-41F8-AFA3-F40C73F9A1D5}.Debug|Mixed Platforms.Build.0 = Debug|Win32
		{ABE486B7-6FAA-41F8-AFA3-F40C73F9A1D5}.Debug|Win32.ActiveCfg = Debug|Win32
		{ABE486B7-6FAA-41F8-AFA3-F40C73F9A1D5}.Debug|Win32.Build.0 = Debug|Win32
		{ABE486B7-6FAA-41F8-AFA3-F40C73F9A1D5}.Debug|x64.ActiveCfg = Debug|x64
		{ABE486B7-6FAA-41F8-AFA3-F40C73F9A1D5}.Debug|x64.Build.0 = Debug|x64
		{ABE486B7-6FAA-41F8-AFA3-F40C73F9A1D5}.Debug|x86.ActiveCfg = Debug|Win32
		{ABE486B7-6FAA-41F8-AFA3-F40C73F9A1D5}.Debug|x86.Build.0 = Debug|Win32
		{ABE486B7-6FAA-41F8-AFA3-F40C73F9A1D5}.Release|Mixed Platforms.ActiveCfg = Release|Win32
		{ABE486B7-6FAA-41F8-AFA3-F40C73F9A1D5}.Release|Mixed Platforms.Build.0 = Release|Win32
		{ABE486B7-6FAA-41F8-AFA3-F40C73F9A1D5}.Release|Win32.ActiveCfg = Release|Win32
		{ABE486B7-6FAA-41F8-AFA3-F40C73F9A1D5}.Release|Win32.Build.0 = Release|Win32
		{ABE486B7-6FAA-41F8-AFA3-F40C73F9A1D5}.Release|x64.ActiveCfg = Release|x64
		{ABE486B7-6FAA-41F8-AFA3-F40C73F9A1D5}.Release|x64.Build.0 = Release|x64
		{ABE486B7-6FAA-41F8-AFA3-F40C73F9A1D5}.Release|x86.ActiveCfg = Release|Win32
		{ABE486B7-6FAA-41F8-AFA3-F40C73F9A1D5}.Release|x86.Build.0 = Release|Win32
		{1B1A033B-2D68-4AD6-8055-A3943D0E43AE}.Debug|Mixed Platforms.ActiveCfg = Debug|Win32
		{1B1A033B-2D68-4AD6-8055-A3943D0E43AE}.Debug|Mixed Platforms.Build.0 = Debug|Win32
		{1B1A033B-2D68-4AD6-8055-A3943D0E43AE}.Debug|Win32.ActiveCfg = Debug|Win32
		{1B1A033B-2D68-4AD6-8055-A3943D0E43AE}.Debug|Win32.Build.0 = Debug|Win32
		{1B1A033B-2D68-4AD6-8055-A3943D0E43AE}.Debug|x64.ActiveCfg = Debug|x64
		{1B1A033B-2D68-4AD6-8055-A3943D0E43AE}.Debug|x64.Build.0 = Debug|x64
		{1B1A033B-2D68-4AD6-8055-A3943D0E43AE}.Debug|x86.ActiveCfg = Debug|Win32
		{1B1A033B-2D68-4AD6-8055-A3943D0E43AE}.Debug|x86.Build.0 = Debug|Win32
		{1B1A033B-2D68-4AD6-8055-A3943D0E43AE}.Release|Mixed Platforms.ActiveCfg = Release|Win32
		{1B1A033B-2D68-4AD6-8055-A3943D0E43AE}.Release|Mixed Platforms.Build.0 = Release|Win32
		{1B1A033B-2D68-4AD6-8055-A3943D0E43AE}.Release|Win32.ActiveCfg = Release|Win32
		{1B1A033B-2D68-4AD6-8055-A3943D0E43AE}.Release|Win32.Build.0 = Release|Win32
		{1B1A033B-2D68-4AD6-8055-A3943D0E43AE}.Release|x64.ActiveCfg = Release|x64
		{1B1A033B-2D68-4AD6-8055-A3943D0E43AE}.Release|x64.Build.0 = Release|x64
		{1B1A033B-2D68-4AD6-8055-A3943D0E43AE}.Release|x86.ActiveCfg = Release|Win32
		{1B1A033B-2D68-4AD6-8055-A3943D0E43AE}.Release|x86.Build.0 = Release|Win32
		{1E30BDD1-17FF-4160-9CF8-A66FFB0556D8}.Debug|Mixed Platforms.ActiveCfg = Debug|Win32
		{1E30BDD1-17FF-4160-9CF8-A66FFB0556D8}.Debug|Mixed Platforms.Build.0 = Debug|Win32
		{1E30BDD1-17FF-4160-9CF8-A66FFB0556D8}.Debug|Win32.ActiveCfg = Debug|Win32
		{1E30BDD1-17FF-4160-9CF8-A66FFB0556D8}.Debug|Win32.Build.0 = Debug|Win32
		{1E30BDD1-17FF-4160-9CF8-A66FFB0556D8}.Debug|x64.ActiveCfg = Debug|x64
		{1E30BDD1-17FF-4160-9CF8-A66FFB0556D8}.Debug|x64.Build.0 = Debug|x64
		{1E30BDD1-17FF-4160-9CF8-A66FFB0556D8}.Debug|x86.ActiveCfg = Debug|Win32
		{1E30BDD1-17FF-4160-9CF8-A66FFB0556D8}.Debug|x86.Build.0 = Debug|Win32
		{1E30BDD1-17FF-4160-9CF8-A66FFB0556D8}.Release|Mixed Platforms.ActiveCfg = Release|Win32
		{1E30BDD1-17FF-4160-9CF8-A66FFB0556D8}.Release|Mixed Platforms.Build.0 = Release|Win32
		{1E30BDD1-17FF-4160-9CF8-A66FFB0556D8}.Release|Win32.ActiveCfg = Release|Win32
		{1E30BDD1-17FF-4160-9CF8-A66FFB0556D8}.Release|Win32.Build.0 = Release|Win32
		{1E30BDD1-17FF-4160-9CF8-A66FFB0556D8}.Release|x64.ActiveCfg = Release|x64
		{1E30BDD1-17FF-4160-9CF8-A66FFB0556D8}.Release|x64.Build.0 = Release|x64
		{1E30BDD1-17FF-4160-9CF8-A66FFB0556D8}.Release|x86.ActiveCfg = Release|Win32
		{1E30BDD1-17FF-4160-9CF8-A66FFB0556D8}.Release|x86.Build.0 = Release|Win32
		{1A59ECCE-578E-4EB3-A49A-FDA437A80B0B}.Debug|Mixed Platforms.ActiveCfg = Debug|Win32
		{1A59ECCE-578E-4EB3-A49A-FDA437A80B0B}.Debug|Mixed Platforms.Build.0 = Debug|Win32
		{1A59ECCE-578E-4EB3-A49A-FDA437A80B0B}.Debug|Win32.ActiveCfg = Debug|Win32
		{1A59ECCE-578E-4EB3-A49A-FDA437A80B0B}.Debug|Win32.Build.0 = Debug|Win32
		{1A59ECCE-578E-4EB3-A49A-FDA437A80B0B}.Debug|x64.ActiveCfg = Debug|x64
		{1A59ECCE-578E-4EB3-A49A-FDA437A80B0B}.Debug|x64.Build.0 = Debug|x64
		{1A59ECCE-578E-4EB3-A49A-FDA437A80B0B}.Debug|x86.ActiveCfg = Debug|Win32
		{1A59ECCE-578E-4EB3-A49A-FDA437A80B0B}.Debug|x86.Build.0 = Debug|Win32
		{1A59ECCE-578E-4EB3-A49A-FDA437A80B0B}.Release|Mixed Platforms.ActiveCfg = Release|Win32
		{1A59ECCE-578E-4EB3-A49A-FDA437A80B0B}.Release|Mixed Platforms.Build.0 = Release|Win32
		{1A59ECCE-578E-4EB3-A49A-FDA437A80B0B}.Release|Win32.ActiveCfg = Release|Win32
		{1A59ECCE-578E-4EB3-A49A-FDA437A80B0B}.Release|Win32.Build.0 = Release|Win32
		{1A59ECCE-578E-4EB3-A49A-FDA437A80B0B}.Release|x64.ActiveCfg = Release|x64
		{1A59ECCE-578E-4EB3-A49A-FDA437A80B0B}.Release|x64.Build.0 = Release|x64
		{1A59ECCE-578E-4EB3-A49A-FDA437A80B0B}.Release|x86.ActiveCfg = Release|Win32
		{1A59ECCE-578E-4EB3-A49A-FDA437A80B0B}.Release|x86.Build.0 = Release|Win32
		{9DD098DB-6E51-46A0-949C-EC82B52C7AFD}.Debug|Mixed Platforms.ActiveCfg = Debug|Win32
		{9DD098DB-6E51-46A0-949C-EC82B52C7AFD}.Debug|Mixed Platforms.Build.0 = Debug|Win32
		{9DD098DB-6E51-46A0-949C-EC82B52C7AFD}.Debug|Win32.ActiveCfg = Debug|Win32
		{9DD098DB-6E51-46A0-949C-EC82B52C7AFD}.Debug|Win32.Build.0 = Debug|Win32
		{9DD098DB-6E51-46A0-949C-EC82B52C7AFD}.Debug|x64.ActiveCfg = Debug|x64
		{9DD098DB-6E51-46A0-949C-EC82B52C7AFD}.Debug|x64.Build.0 = Debug|x64
		{9DD098DB-6E51-46A0-949C-EC82B52C7AFD}.Debug|x86.ActiveCfg = Debug|Win32
		{9DD098DB-6E51-46A0-949C-EC82B52C7AFD}.Debug|x86.Build.0 = Debug|Win32
		{9DD098DB-6E51-46A0-949C-EC82B52C7AFD}.Release|Mixed Platforms.ActiveCfg = Release|Win32
		{9DD098DB-6E51-46A0-949C-EC82B52C7AFD}.Release|Mixed Platforms.Build.0 = Release|Win32
		{9DD098DB-6E51-46A0-949C-EC82B52C7AFD}.Release|Win32.ActiveCfg = Release|Win32
		{9DD098DB-6E51-46A0-949C-EC82B52C7AFD}.Release|Win32.Build.0 = Release|Win32
		{9DD098DB-6E51-46A0-949C-EC82B52C7AFD}.Release|x64.ActiveCfg = Release|x64
		{9DD098DB-6E51-46A0-949C-EC82B52C7AFD}.Release|x64.Build.0 = Release|x64
		{9DD098DB-6E51-46A0-949C-EC82B52C7AFD}.Release|x86.ActiveCfg = Release|Win32
		{9DD098DB-6E51-46A0-949C-EC82B52C7AFD}.Release|x86.Build.0 = Release|Win32
		{8E3D3D84-B2F1-470A-8BC9-2B9AA50A9826}.Debug|Mixed Platforms.ActiveCfg = Debug|Win32
		{8E3D3D84-B2F1-470A-8BC9-2B9AA50A9826}.Debug|Mixed Platforms.Build.0 = Debug|Win32
		{8E3D3D84-B2F1-470A-8BC9-2B9AA50A9826}.Debug|Win32.ActiveCfg = Debug|Win32
		{8E3D3D84-B2F1-470A-8BC9-2B9AA50A9826}.Debug|Win32.Build.0 = Debug|Win32
		{8E3D3D84-B2F1-470A-8BC9-2B9AA50A9826}.Debug|x64.ActiveCfg = Debug|x64
		{8E3D3D84-B2F1-470A-8BC9-2B9AA50A9826}.Debug|x64.Build.0 = Debug|x64
		{8E3D3D84-B2F1-470A-8BC9-2B9AA50A9826}.Debug|x86.ActiveCfg = Debug|Win32
		{8E3D3D84-B2F1-470A-8BC9-2B9AA50A9826}.Debug|x86.Build.0 = Debug|Win32
		{8E3D3D84-B2F1-470A-8BC9-2B9AA50A9826}.Release|Mixed Platforms.ActiveCfg = Release|Win32
		{8E3D3D84-B2F1-470A-8BC9-2B9AA50A9826}.Release|Mixed Platforms.Build.0 = Release|Win32
		{8E3D3D84-B2F1-470A-8BC9-2B9AA50A9826}.Release|Win32.ActiveCfg = Release|Win32
		{8E3D3D84-B2F1-470A-8BC9-2B9AA50A9826}.Release|Win32.Build.0 = Release|Win32
		{8E3D3D84-B2F1-470A-8BC9-2B9AA50A9826}.Release|x64.ActiveCfg = Release|x64
		{8E3D3D84-B2F1-470A-8BC9-2B9AA50A9826}.Release|x64.Build.0 = Release|x64
		{8E3D3D84-B2F1-470A-8BC9-2B9AA50A9826}.Release|x86.ActiveCfg = Release|Win32
		{8E3D3D84-B2F1-470A-8BC9-2B9AA50A9826}.Release|x86.Build.0 = Release|Win32
		{5FDA8F08-CF54-49CE-9E0C-D415AF5885FC}.Debug|Mixed Platforms.ActiveCfg = Debug|Win32
		{5FDA8F08-CF54-49CE-9E0C-D415AF5885FC}.Debug|Mixed Platforms.Build.0 = Debug|Win32
		{5FDA8F08-CF54-49CE-9E0C-D415AF5885FC}.Debug|Win32.ActiveCfg = Debug|Win32
		{5FDA8F08-CF54-49CE-9E0C-D415AF5885FC}.Debug|Win32.Build.0 = Debug|Win32
		{5FDA8F08-CF54-49CE-9E0C-D415AF5885FC}.Debug|x64.ActiveCfg = Debug|x64
		{5FDA8F08-CF54-49CE-9E0C-D415AF5885FC}.Debug|x64.Build.0 = Debug|x64
		{5FDA8F08-CF54-49CE-9E0C-D415AF5885FC}.Debug|x86.ActiveCfg = Debug|Win32
		{5FDA8F08-CF54-49CE-9E0C-D415AF5885FC}.Debug|x86.Build.0 = Debug|Win32
		{5FDA8F08-CF54-49CE-9E0C-D415AF5885FC}.Release|Mixed Platforms.ActiveCfg = Release|Win32
		{5FDA8F08-CF54-49CE-9E0C-D415AF5885FC}.Release|Mixed Platforms.Build.0 = Release|Win32
		{5FDA8F08-CF54-49CE-9E0C-D415AF5885FC}.Release|Win32.ActiveCfg = Release|Win32
		{5FDA8F08-CF54-49CE-9E0C-D415AF5885FC}.Release|Win32.Build.0 = Release|Win32
		{5FDA8F08-CF54-49CE-9E0C-D415AF5885FC}.Release|x64.ActiveCfg = Release|x64
		{5FDA8F08-CF54-49CE-9E0C-D415AF5885FC}.Release|x64.Build.0 = Release|x64
		{5FDA8F08-CF54-49CE-9E0C-D415AF5885FC}.Release|x86.ActiveCfg = Release|Win32
		{5FDA8F08-CF54-49CE-9E0C-D415AF5885FC}.Release|x86.Build.0 = Release|Win32
		{EC53954A-9085-4969-93A1-0483949B6663}.Debug|Mixed Platforms.ActiveCfg = Debug|Win32
		{EC53954A-9085-4969-93A1-0483949B6663}.Debug|Mixed Platforms.Build.0 = Debug|Win32
		{EC53954A-9085-4969-93A1-0483949B6663}.Debug|Win32.ActiveCfg = Debug|Win32
		{EC53954A-9085-4969-93A1-0483949B6663}.Debug|Win32.Build.0 = Debug|Win32
		{EC53954A-9085-4969-93A1-0483949B6663}.Debug|x64.ActiveCfg = Debug|x64
		{EC53954A-9085-4969-93A1-0483949B6663}.Debug|x64.Build.0 = Debug|x64
		{EC53954A-9085-4969-93A1-0483949B6663}.Debug|x86.ActiveCfg = Debug|Win32
		{EC53954A-9085-4969-93A1-0483949B6663}.Debug|x86.Build.0 = Debug|Win32
		{EC53954A-9085-4969-93A1-0483949B6663}.Release|Mixed Platforms.ActiveCfg = Release|Win32
		{EC53954A-9085-4969-93A1-0483949B6663}.Release|Mixed Platforms.Build.0 = Release|Win32
		{EC53954A-9085-4969-93A1-0483949B6663}.Release|Win32.ActiveCfg = Release|Win32
		{EC53954A-9085-4969-93A1-0483949B6663}.Release|Win32.Build.0 = Release|Win32
		{EC53954A-9085-4969-93A1-0483949B6663}.Release|x64.ActiveCfg = Release|x64
		{EC53954A-9085-4969-93A1-0483949B6663}.Release|x64.Build.0 = Release|x64
		{EC53954A-9085-4969-93A1-0483949B6663}.Release|x86.ActiveCfg = Release|Win32
		{EC53954A-9085-4969-93A1-0483949B6663}.Release|x86.Build.0 = Release|Win32
		{A7BF1941-44A6-4CFD-A1A4-30FA14D2BAB4}.Debug|Mixed Platforms.ActiveCfg = Debug|Win32
		{A7BF1941-44A6-4CFD-A1A4-30FA14D2BAB4}.Debug|Mixed Platforms.Build.0 = Debug|Win32
		{A7BF1941-44A6-4CFD-A1A4-30FA14D2BAB4}.Debug|Win32.ActiveCfg = Debug|Win32
		{A7BF1941-44A6-4CFD-A1A4-30FA14D2BAB4}.Debug|Win32.Build.0 = Debug|Win32
		{A7BF1941-44A6-4CFD-A1A4-30FA14D2BAB4}.Debug|x64.ActiveCfg = Debug|x64
		{A7BF1941-44A6-4CFD-A1A4-30FA14D2BAB4}.Debug|x64.Build.0 = Debug|x64
		{A7BF1941-44A6-4CFD-A1A4-30FA14D2BAB4}.Debug|x86.ActiveCfg = Debug|Win32
		{A7BF1941-44A6-4CFD-A1A4-30FA14D2BAB4}.Debug|x86.Build.0 = Debug|Win32
		{A7BF1941-44A6-4CFD-A1A4-30FA14D2BAB4}.Release|Mixed Platforms.ActiveCfg = Release|Win32
		{A7BF1941-44A6-4CFD-A1A4-30FA14D2BAB4}.Release|Mixed Platforms.Build.0 = Release|Win32
		{A7BF1941-44A6-4CFD-A1A4-30FA14D2BAB4}.Release|Win32.ActiveCfg = Release|Win32
		{A7BF1941-44A6-4CFD-A1A4-30FA14D2BAB4}.Release|Win32.Build.0 = Release|Win32
		{A7BF1941-44A6-4CFD-A1A4-30FA14D2BAB4}.Release|x64.ActiveCfg = Release|x64
		{A7BF1941-44A6-4CFD-A1A4-30FA14D2BAB4}.Release|x64.Build.0 = Release|x64
		{A7BF1941-44A6-4CFD-A1A4-30FA14D2BAB4}.Release|x86.ActiveCfg = Release|Win32
		{A7BF1941-44A6-4CFD-A1A4-30FA14D2BAB4}.Release|x86.Build.0 = Release|Win32
		{73BCCB03-3F95-4371-B8EB-61DB44AF26C7}.Debug|Mixed Platforms.ActiveCfg = Debug|Win32
		{73BCCB03-3F95-4371-B8EB-61DB44AF26C7}.Debug|Mixed Platforms.Build.0 = Debug|Win32
		{73BCCB03-3F95-4371-B8EB-61DB44AF26C7}.Debug|Win32.ActiveCfg = Debug|Win32
		{73BCCB03-3F95-4371-B8EB-61DB44AF26C7}.Debug|Win32.Build.0 = Debug|Win32
		{73BCCB03-3F95-4371-B8EB-61DB44AF26C7}.Debug|x64.ActiveCfg = Debug|x64
		{73BCCB03-3F95-4371-B8EB-61DB44AF26C7}.Debug|x64.Build.0 = Debug|x64
		{73BCCB03-3F95-4371-B8EB-61DB44AF26C7}.Debug|x86.ActiveCfg = Debug|Win32
		{73BCCB03-3F95-4371-B8EB-61DB44AF26C7}.Debug|x86.Build.0 = Debug|Win32
		{73BCCB03-3F95-4371-B8EB-61DB44AF26C7}.Release|Mixed Platforms.ActiveCfg = Release|Win32
		{73BCCB03-3F95-4371-B8EB-61DB44AF26C7}.Release|Mixed Platforms.Build.0 = Release|Win32
		{73BCCB03-3F95-4371-B8EB-61DB44AF26C7}.Release|Win32.ActiveCfg = Release|Win32
		{73BCCB03-3F95-4371-B8EB-61DB44AF26C7}.Release|Win32.Build.0 = Release|Win32
		{73BCCB03-3F95-4371-B8EB-61DB44AF26C7}.Release|x64.ActiveCfg = Release|x64
		{73BCCB03-3F95-4371-B8EB-61DB44AF26C7}.Release|x64.Build.0 = Release|x64
		{73BCCB03-3F95-4371-B8EB-61DB44AF26C7}.Release|x86.ActiveCfg = Release|Win32
		{73BCCB03-3F95-4371-B8EB-61DB44AF26C7}.Release|x86.Build.0 = Release|Win32
	EndGlobalSection
	GlobalSection(SolutionProperties) = preSolution
		HideSolutionNode = FALSE
	EndGlobalSection
	GlobalSection(ExtensibilityGlobals) = postSolution
		SolutionGuid = {0AF3F5F5-F163-4E0E-A18F-C4112DBA735C}
	EndGlobalSection
EndGlobal
